
Microsoft Visual Studio Solution File, Format Version 12.00
# Visual Studio 15
Project("{FAE04EC0-301F-11D3-BF4B-00C04F79EFBC}") = "Assembly-CSharp", "Assembly-CSharp.csproj", "{32C05950-2FC4-7AAB-9901-70094A97ABBE}"
EndProject
Global
	GlobalSection(SolutionConfigurationPlatforms) = preSolution
		Debug|Any CPU = Debug|Any CPU
		Release|Any CPU = Release|Any CPU
	EndGlobalSection
	GlobalSection(ProjectConfigurationPlatforms) = postSolution
		{32C05950-2FC4-7AAB-9901-70094A97ABBE}.Debug|Any CPU.ActiveCfg = Debug|Any CPU
		{32C05950-2FC4-7AAB-9901-70094A97ABBE}.Debug|Any CPU.Build.0 = Debug|Any CPU
		{32C05950-2FC4-7AAB-9901-70094A97ABBE}.Release|Any CPU.ActiveCfg = Release|Any CPU
		{32C05950-2FC4-7AAB-9901-70094A97ABBE}.Release|Any CPU.Build.0 = Release|Any CPU
	EndGlobalSection
	GlobalSection(SolutionProperties) = preSolution
		HideSolutionNode = FALSE
	EndGlobalSection
EndGlobal
